
Microsoft Visual Studio Solution File, Format Version 12.00
# Visual Studio Version 17
VisualStudioVersion = 17.7.34202.233
MinimumVisualStudioVersion = 10.0.40219.1
Project("{9A19103F-16F7-4668-BE54-9A1E7A4F7556}") = "Basic Program", "Basic Program\Basic Program.csproj", "{09054B57-37C3-4E41-8A18-370E46282383}"
EndProject
Project("{9A19103F-16F7-4668-BE54-9A1E7A4F7556}") = "Assignments", "Assignments\Assignments.csproj", "{259850FA-48D4-4FE5-84F3-0CADC985AD1C}"
EndProject
Project("{9A19103F-16F7-4668-BE54-9A1E7A4F7556}") = "Case Study", "Case Study\Case Study.csproj", "{507B22C4-7A9D-48A1-BFAC-C39EDCCA6C50}"
EndProject
Project("{9A19103F-16F7-4668-BE54-9A1E7A4F7556}") = "LINQEx", "LINQEx\LINQEx.csproj", "{BBC4CD53-DF06-4F51-BF33-13E1F197FD65}"
EndProject
Project("{FAE04EC0-301F-11D3-BF4B-00C04F79EFBC}") = "ThreadsEx", "ThreadsEx\ThreadsEx.csproj", "{A0A7FFC7-1EA0-4D46-AEEE-C834F8C96A71}"
EndProject
Project("{FAE04EC0-301F-11D3-BF4B-00C04F79EFBC}") = "DataStructure", "DataStructure\DataStructure.csproj", "{6C8F7D23-F639-4D2E-826C-3862771C3201}"
EndProject
Global
	GlobalSection(SolutionConfigurationPlatforms) = preSolution
		Debug|Any CPU = Debug|Any CPU
		Release|Any CPU = Release|Any CPU
	EndGlobalSection
	GlobalSection(ProjectConfigurationPlatforms) = postSolution
		{09054B57-37C3-4E41-8A18-370E46282383}.Debug|Any CPU.ActiveCfg = Debug|Any CPU
		{09054B57-37C3-4E41-8A18-370E46282383}.Debug|Any CPU.Build.0 = Debug|Any CPU
		{09054B57-37C3-4E41-8A18-370E46282383}.Release|Any CPU.ActiveCfg = Release|Any CPU
		{09054B57-37C3-4E41-8A18-370E46282383}.Release|Any CPU.Build.0 = Release|Any CPU
		{259850FA-48D4-4FE5-84F3-0CADC985AD1C}.Debug|Any CPU.ActiveCfg = Debug|Any CPU
		{259850FA-48D4-4FE5-84F3-0CADC985AD1C}.Debug|Any CPU.Build.0 = Debug|Any CPU
		{259850FA-48D4-4FE5-84F3-0CADC985AD1C}.Release|Any CPU.ActiveCfg = Release|Any CPU
		{259850FA-48D4-4FE5-84F3-0CADC985AD1C}.Release|Any CPU.Build.0 = Release|Any CPU
		{507B22C4-7A9D-48A1-BFAC-C39EDCCA6C50}.Debug|Any CPU.ActiveCfg = Debug|Any CPU
		{507B22C4-7A9D-48A1-BFAC-C39EDCCA6C50}.Debug|Any CPU.Build.0 = Debug|Any CPU
		{507B22C4-7A9D-48A1-BFAC-C39EDCCA6C50}.Release|Any CPU.ActiveCfg = Release|Any CPU
		{507B22C4-7A9D-48A1-BFAC-C39EDCCA6C50}.Release|Any CPU.Build.0 = Release|Any CPU
		{BBC4CD53-DF06-4F51-BF33-13E1F197FD65}.Debug|Any CPU.ActiveCfg = Debug|Any CPU
		{BBC4CD53-DF06-4F51-BF33-13E1F197FD65}.Debug|Any CPU.Build.0 = Debug|Any CPU
		{BBC4CD53-DF06-4F51-BF33-13E1F197FD65}.Release|Any CPU.ActiveCfg = Release|Any CPU
		{BBC4CD53-DF06-4F51-BF33-13E1F197FD65}.Release|Any CPU.Build.0 = Release|Any CPU
		{A0A7FFC7-1EA0-4D46-AEEE-C834F8C96A71}.Debug|Any CPU.ActiveCfg = Debug|Any CPU
		{A0A7FFC7-1EA0-4D46-AEEE-C834F8C96A71}.Debug|Any CPU.Build.0 = Debug|Any CPU
		{A0A7FFC7-1EA0-4D46-AEEE-C834F8C96A71}.Release|Any CPU.ActiveCfg = Release|Any CPU
		{A0A7FFC7-1EA0-4D46-AEEE-C834F8C96A71}.Release|Any CPU.Build.0 = Release|Any CPU
		{6C8F7D23-F639-4D2E-826C-3862771C3201}.Debug|Any CPU.ActiveCfg = Debug|Any CPU
		{6C8F7D23-F639-4D2E-826C-3862771C3201}.Debug|Any CPU.Build.0 = Debug|Any CPU
		{6C8F7D23-F639-4D2E-826C-3862771C3201}.Release|Any CPU.ActiveCfg = Release|Any CPU
		{6C8F7D23-F639-4D2E-826C-3862771C3201}.Release|Any CPU.Build.0 = Release|Any CPU
	EndGlobalSection
	GlobalSection(SolutionProperties) = preSolution
		HideSolutionNode = FALSE
	EndGlobalSection
	GlobalSection(ExtensibilityGlobals) = postSolution
		SolutionGuid = {59ADCBDE-3F14-420C-882E-A4AD004604C2}
	EndGlobalSection
EndGlobal
